
Microsoft Visual Studio Solution File, Format Version 12.00
# Visual Studio Version 17
VisualStudioVersion = 17.2.32505.173
MinimumVisualStudioVersion = 10.0.40219.1
Project("{9A19103F-16F7-4668-BE54-9A1E7A4F7556}") = "GUI Auction", "GUI Auction\GUI Auction.csproj", "{E765BF82-6512-4A99-81A2-515998940FE1}"
EndProject
Project("{FAE04EC0-301F-11D3-BF4B-00C04F79EFBC}") = "HypixelAPI", "HypixelAPI\HypixelAPI.csproj", "{111E55A3-A631-42D1-B737-1459341623C5}"
EndProject
Global
	GlobalSection(SolutionConfigurationPlatforms) = preSolution
		Debug|Any CPU = Debug|Any CPU
		Release|Any CPU = Release|Any CPU
	EndGlobalSection
	GlobalSection(ProjectConfigurationPlatforms) = postSolution
		{E765BF82-6512-4A99-81A2-515998940FE1}.Debug|Any CPU.ActiveCfg = Debug|Any CPU
		{E765BF82-6512-4A99-81A2-515998940FE1}.Debug|Any CPU.Build.0 = Debug|Any CPU
		{E765BF82-6512-4A99-81A2-515998940FE1}.Release|Any CPU.ActiveCfg = Release|Any CPU
		{E765BF82-6512-4A99-81A2-515998940FE1}.Release|Any CPU.Build.0 = Release|Any CPU
		{111E55A3-A631-42D1-B737-1459341623C5}.Debug|Any CPU.ActiveCfg = Debug|Any CPU
		{111E55A3-A631-42D1-B737-1459341623C5}.Debug|Any CPU.Build.0 = Debug|Any CPU
		{111E55A3-A631-42D1-B737-1459341623C5}.Release|Any CPU.ActiveCfg = Release|Any CPU
		{111E55A3-A631-42D1-B737-1459341623C5}.Release|Any CPU.Build.0 = Release|Any CPU
	EndGlobalSection
	GlobalSection(SolutionProperties) = preSolution
		HideSolutionNode = FALSE
	EndGlobalSection
	GlobalSection(ExtensibilityGlobals) = postSolution
		SolutionGuid = {2F3C8E87-6314-423A-BC6B-0F5E552C923A}
	EndGlobalSection
EndGlobal
